
Microsoft Visual Studio Solution File, Format Version 12.00
# Visual Studio Version 16
VisualStudioVersion = 16.0.31729.503
MinimumVisualStudioVersion = 10.0.40219.1
Project("{9A19103F-16F7-4668-BE54-9A1E7A4F7556}") = "ThuVien", "ThuVien\ThuVien.csproj", "{DAB5694D-58B7-48AB-B87D-860ACD49A3F7}"
EndProject
Project("{9A19103F-16F7-4668-BE54-9A1E7A4F7556}") = "Database", "Database\Database.csproj", "{28629AC8-EBB4-4C9F-936C-D106288E3A41}"
EndProject
Project("{9A19103F-16F7-4668-BE54-9A1E7A4F7556}") = "KhoiDongData", "PlayGround\KhoiDongData.csproj", "{7E3EDF0A-14CA-4CB6-AECD-041A617054C0}"
EndProject
Global
	GlobalSection(SolutionConfigurationPlatforms) = preSolution
		Debug|Any CPU = Debug|Any CPU
		Release|Any CPU = Release|Any CPU
	EndGlobalSection
	GlobalSection(ProjectConfigurationPlatforms) = postSolution
		{DAB5694D-58B7-48AB-B87D-860ACD49A3F7}.Debug|Any CPU.ActiveCfg = Debug|Any CPU
		{DAB5694D-58B7-48AB-B87D-860ACD49A3F7}.Debug|Any CPU.Build.0 = Debug|Any CPU
		{DAB5694D-58B7-48AB-B87D-860ACD49A3F7}.Release|Any CPU.ActiveCfg = Release|Any CPU
		{DAB5694D-58B7-48AB-B87D-860ACD49A3F7}.Release|Any CPU.Build.0 = Release|Any CPU
		{28629AC8-EBB4-4C9F-936C-D106288E3A41}.Debug|Any CPU.ActiveCfg = Debug|Any CPU
		{28629AC8-EBB4-4C9F-936C-D106288E3A41}.Debug|Any CPU.Build.0 = Debug|Any CPU
		{28629AC8-EBB4-4C9F-936C-D106288E3A41}.Release|Any CPU.ActiveCfg = Release|Any CPU
		{28629AC8-EBB4-4C9F-936C-D106288E3A41}.Release|Any CPU.Build.0 = Release|Any CPU
		{7E3EDF0A-14CA-4CB6-AECD-041A617054C0}.Debug|Any CPU.ActiveCfg = Debug|Any CPU
		{7E3EDF0A-14CA-4CB6-AECD-041A617054C0}.Debug|Any CPU.Build.0 = Debug|Any CPU
		{7E3EDF0A-14CA-4CB6-AECD-041A617054C0}.Release|Any CPU.ActiveCfg = Release|Any CPU
		{7E3EDF0A-14CA-4CB6-AECD-041A617054C0}.Release|Any CPU.Build.0 = Release|Any CPU
	EndGlobalSection
	GlobalSection(SolutionProperties) = preSolution
		HideSolutionNode = FALSE
	EndGlobalSection
	GlobalSection(ExtensibilityGlobals) = postSolution
		SolutionGuid = {E8BDC891-4B58-4FB0-86EE-A85F891891E4}
	EndGlobalSection
EndGlobal
